// !$*UTF8*$!
{
	archiveVersion = 1;
	classes = {
	};
	objectVersion = 46;
	objects = {

/* Begin PBXBuildFile section */
		4E2CEF5A1C5E1C6A00DCC437 /* AppDelegate.swift in Sources */ = {isa = PBXBuildFile; fileRef = 4E2CEF591C5E1C6A00DCC437 /* AppDelegate.swift */; };
		4E2CEF5F1C5E1C6A00DCC437 /* Main.storyboard in Resources */ = {isa = PBXBuildFile; fileRef = 4E2CEF5D1C5E1C6A00DCC437 /* Main.storyboard */; };
		4E2CEF611C5E1C6A00DCC437 /* Assets.xcassets in Resources */ = {isa = PBXBuildFile; fileRef = 4E2CEF601C5E1C6A00DCC437 /* Assets.xcassets */; };
		E87EE9401C5E204200E8D2A0 /* Students.swift in Sources */ = {isa = PBXBuildFile; fileRef = E87EE93F1C5E204200E8D2A0 /* Students.swift */; };
		E87EE9421C5E205A00E8D2A0 /* StudentInformation.swift in Sources */ = {isa = PBXBuildFile; fileRef = E87EE9411C5E205A00E8D2A0 /* StudentInformation.swift */; };
		E87EE9441C5E206B00E8D2A0 /* StudentPublicData.swift in Sources */ = {isa = PBXBuildFile; fileRef = E87EE9431C5E206B00E8D2A0 /* StudentPublicData.swift */; };
		E87EE9461C5E216100E8D2A0 /* Validators.swift in Sources */ = {isa = PBXBuildFile; fileRef = E87EE9451C5E216100E8D2A0 /* Validators.swift */; };
		E87EE9481C5E21A800E8D2A0 /* RoundBorderButton.swift in Sources */ = {isa = PBXBuildFile; fileRef = E87EE9471C5E21A800E8D2A0 /* RoundBorderButton.swift */; };
		E87EE94A1C5E21ED00E8D2A0 /* LoginViewController.swift in Sources */ = {isa = PBXBuildFile; fileRef = E87EE9491C5E21ED00E8D2A0 /* LoginViewController.swift */; };
		E87EE94C1C5E21FD00E8D2A0 /* MapViewController.swift in Sources */ = {isa = PBXBuildFile; fileRef = E87EE94B1C5E21FD00E8D2A0 /* MapViewController.swift */; };
		E87EE94E1C5E221400E8D2A0 /* ListViewController.swift in Sources */ = {isa = PBXBuildFile; fileRef = E87EE94D1C5E221400E8D2A0 /* ListViewController.swift */; };
		E87EE9501C5E222500E8D2A0 /* EnterLocationViewController.swift in Sources */ = {isa = PBXBuildFile; fileRef = E87EE94F1C5E222500E8D2A0 /* EnterLocationViewController.swift */; };
		E87EE9521C5E223800E8D2A0 /* PostViewController.swift in Sources */ = {isa = PBXBuildFile; fileRef = E87EE9511C5E223800E8D2A0 /* PostViewController.swift */; };
		E87EE9541C5E224900E8D2A0 /* AlertControllers.swift in Sources */ = {isa = PBXBuildFile; fileRef = E87EE9531C5E224900E8D2A0 /* AlertControllers.swift */; };
		E87EE9581C5E22FE00E8D2A0 /* Errors.swift in Sources */ = {isa = PBXBuildFile; fileRef = E87EE9571C5E22FE00E8D2A0 /* Errors.swift */; };
		E87EE95A1C5E230C00E8D2A0 /* ErrorStrings.swift in Sources */ = {isa = PBXBuildFile; fileRef = E87EE9591C5E230C00E8D2A0 /* ErrorStrings.swift */; };
		E87EE95C1C5E231700E8D2A0 /* Notifications.swift in Sources */ = {isa = PBXBuildFile; fileRef = E87EE95B1C5E231700E8D2A0 /* Notifications.swift */; };
		E87EE95E1C5E232400E8D2A0 /* Reachability.swift in Sources */ = {isa = PBXBuildFile; fileRef = E87EE95D1C5E232400E8D2A0 /* Reachability.swift */; };
		E87EE9601C5E233200E8D2A0 /* StatusCodesChecker.swift in Sources */ = {isa = PBXBuildFile; fileRef = E87EE95F1C5E233200E8D2A0 /* StatusCodesChecker.swift */; };
		E87EE9621C5E23CD00E8D2A0 /* UdacitySession.swift in Sources */ = {isa = PBXBuildFile; fileRef = E87EE9611C5E23CD00E8D2A0 /* UdacitySession.swift */; };
		E87EE9641C5E23DC00E8D2A0 /* UdacityClientDelegate.swift in Sources */ = {isa = PBXBuildFile; fileRef = E87EE9631C5E23DC00E8D2A0 /* UdacityClientDelegate.swift */; };
		E87EE9661C5E23E900E8D2A0 /* UdacityClient.swift in Sources */ = {isa = PBXBuildFile; fileRef = E87EE9651C5E23E900E8D2A0 /* UdacityClient.swift */; };
		E87EE9681C5E240A00E8D2A0 /* UdacityDataTasks.swift in Sources */ = {isa = PBXBuildFile; fileRef = E87EE9671C5E240A00E8D2A0 /* UdacityDataTasks.swift */; };
		E87EE96A1C5E241600E8D2A0 /* UdacityJSONParsers.swift in Sources */ = {isa = PBXBuildFile; fileRef = E87EE9691C5E241600E8D2A0 /* UdacityJSONParsers.swift */; };
		E87EE96C1C5E242500E8D2A0 /* UdacityURLRequests.swift in Sources */ = {isa = PBXBuildFile; fileRef = E87EE96B1C5E242500E8D2A0 /* UdacityURLRequests.swift */; };
		E87EE96E1C5E251C00E8D2A0 /* ParseClientListener.swift in Sources */ = {isa = PBXBuildFile; fileRef = E87EE96D1C5E251C00E8D2A0 /* ParseClientListener.swift */; };
		E87EE9701C5E252F00E8D2A0 /* ParseClient.swift in Sources */ = {isa = PBXBuildFile; fileRef = E87EE96F1C5E252F00E8D2A0 /* ParseClient.swift */; };
		E87EE9721C5E254600E8D2A0 /* ParseDataTasks.swift in Sources */ = {isa = PBXBuildFile; fileRef = E87EE9711C5E254600E8D2A0 /* ParseDataTasks.swift */; };
		E87EE9741C5E255600E8D2A0 /* ParseJSONParsers.swift in Sources */ = {isa = PBXBuildFile; fileRef = E87EE9731C5E255600E8D2A0 /* ParseJSONParsers.swift */; };
		E87EE9761C5E256500E8D2A0 /* ParseURLRequests.swift in Sources */ = {isa = PBXBuildFile; fileRef = E87EE9751C5E256500E8D2A0 /* ParseURLRequests.swift */; };
/* End PBXBuildFile section */

/* Begin PBXFileReference section */
		4E2CEF561C5E1C6A00DCC437 /* On The Map.app */ = {isa = PBXFileReference; explicitFileType = wrapper.application; includeInIndex = 0; path = "On The Map.app"; sourceTree = BUILT_PRODUCTS_DIR; };
		4E2CEF591C5E1C6A00DCC437 /* AppDelegate.swift */ = {isa = PBXFileReference; lastKnownFileType = sourcecode.swift; path = AppDelegate.swift; sourceTree = "<group>"; };
		4E2CEF5E1C5E1C6A00DCC437 /* Base */ = {isa = PBXFileReference; lastKnownFileType = file.storyboard; name = Base; path = Base.lproj/Main.storyboard; sourceTree = "<group>"; };
		4E2CEF601C5E1C6A00DCC437 /* Assets.xcassets */ = {isa = PBXFileReference; lastKnownFileType = folder.assetcatalog; path = Assets.xcassets; sourceTree = "<group>"; };
		4E2CEF651C5E1C6A00DCC437 /* Info.plist */ = {isa = PBXFileReference; lastKnownFileType = text.plist.xml; path = Info.plist; sourceTree = "<group>"; };
		E87EE93C1C5E1FDD00E8D2A0 /* Roboto-Medium.ttf */ = {isa = PBXFileReference; lastKnownFileType = file; path = "Roboto-Medium.ttf"; sourceTree = "<group>"; };
		E87EE93D1C5E1FDD00E8D2A0 /* Roboto-Regular.ttf */ = {isa = PBXFileReference; lastKnownFileType = file; path = "Roboto-Regular.ttf"; sourceTree = "<group>"; };
		E87EE93E1C5E1FDD00E8D2A0 /* Roboto-Thin.ttf */ = {isa = PBXFileReference; lastKnownFileType = file; path = "Roboto-Thin.ttf"; sourceTree = "<group>"; };
		E87EE93F1C5E204200E8D2A0 /* Students.swift */ = {isa = PBXFileReference; fileEncoding = 4; lastKnownFileType = sourcecode.swift; path = Students.swift; sourceTree = "<group>"; };
		E87EE9411C5E205A00E8D2A0 /* StudentInformation.swift */ = {isa = PBXFileReference; fileEncoding = 4; lastKnownFileType = sourcecode.swift; path = StudentInformation.swift; sourceTree = "<group>"; };
		E87EE9431C5E206B00E8D2A0 /* StudentPublicData.swift */ = {isa = PBXFileReference; fileEncoding = 4; lastKnownFileType = sourcecode.swift; path = StudentPublicData.swift; sourceTree = "<group>"; };
		E87EE9451C5E216100E8D2A0 /* Validators.swift */ = {isa = PBXFileReference; fileEncoding = 4; lastKnownFileType = sourcecode.swift; path = Validators.swift; sourceTree = "<group>"; };
		E87EE9471C5E21A800E8D2A0 /* RoundBorderButton.swift */ = {isa = PBXFileReference; fileEncoding = 4; lastKnownFileType = sourcecode.swift; path = RoundBorderButton.swift; sourceTree = "<group>"; };
		E87EE9491C5E21ED00E8D2A0 /* LoginViewController.swift */ = {isa = PBXFileReference; fileEncoding = 4; lastKnownFileType = sourcecode.swift; path = LoginViewController.swift; sourceTree = "<group>"; };
		E87EE94B1C5E21FD00E8D2A0 /* MapViewController.swift */ = {isa = PBXFileReference; fileEncoding = 4; lastKnownFileType = sourcecode.swift; path = MapViewController.swift; sourceTree = "<group>"; };
		E87EE94D1C5E221400E8D2A0 /* ListViewController.swift */ = {isa = PBXFileReference; fileEncoding = 4; lastKnownFileType = sourcecode.swift; path = ListViewController.swift; sourceTree = "<group>"; };
		E87EE94F1C5E222500E8D2A0 /* EnterLocationViewController.swift */ = {isa = PBXFileReference; fileEncoding = 4; lastKnownFileType = sourcecode.swift; path = EnterLocationViewController.swift; sourceTree = "<group>"; };
		E87EE9511C5E223800E8D2A0 /* PostViewController.swift */ = {isa = PBXFileReference; fileEncoding = 4; lastKnownFileType = sourcecode.swift; path = PostViewController.swift; sourceTree = "<group>"; };
		E87EE9531C5E224900E8D2A0 /* AlertControllers.swift */ = {isa = PBXFileReference; fileEncoding = 4; lastKnownFileType = sourcecode.swift; path = AlertControllers.swift; sourceTree = "<group>"; };
		E87EE9571C5E22FE00E8D2A0 /* Errors.swift */ = {isa = PBXFileReference; fileEncoding = 4; lastKnownFileType = sourcecode.swift; path = Errors.swift; sourceTree = "<group>"; };
		E87EE9591C5E230C00E8D2A0 /* ErrorStrings.swift */ = {isa = PBXFileReference; fileEncoding = 4; lastKnownFileType = sourcecode.swift; path = ErrorStrings.swift; sourceTree = "<group>"; };
		E87EE95B1C5E231700E8D2A0 /* Notifications.swift */ = {isa = PBXFileReference; fileEncoding = 4; lastKnownFileType = sourcecode.swift; path = Notifications.swift; sourceTree = "<group>"; };
		E87EE95D1C5E232400E8D2A0 /* Reachability.swift */ = {isa = PBXFileReference; fileEncoding = 4; lastKnownFileType = sourcecode.swift; path = Reachability.swift; sourceTree = "<group>"; };
		E87EE95F1C5E233200E8D2A0 /* StatusCodesChecker.swift */ = {isa = PBXFileReference; fileEncoding = 4; lastKnownFileType = sourcecode.swift; path = StatusCodesChecker.swift; sourceTree = "<group>"; };
		E87EE9611C5E23CD00E8D2A0 /* UdacitySession.swift */ = {isa = PBXFileReference; fileEncoding = 4; lastKnownFileType = sourcecode.swift; path = UdacitySession.swift; sourceTree = "<group>"; };
		E87EE9631C5E23DC00E8D2A0 /* UdacityClientDelegate.swift */ = {isa = PBXFileReference; fileEncoding = 4; lastKnownFileType = sourcecode.swift; path = UdacityClientDelegate.swift; sourceTree = "<group>"; };
		E87EE9651C5E23E900E8D2A0 /* UdacityClient.swift */ = {isa = PBXFileReference; fileEncoding = 4; lastKnownFileType = sourcecode.swift; path = UdacityClient.swift; sourceTree = "<group>"; };
		E87EE9671C5E240A00E8D2A0 /* UdacityDataTasks.swift */ = {isa = PBXFileReference; fileEncoding = 4; lastKnownFileType = sourcecode.swift; path = UdacityDataTasks.swift; sourceTree = "<group>"; };
		E87EE9691C5E241600E8D2A0 /* UdacityJSONParsers.swift */ = {isa = PBXFileReference; fileEncoding = 4; lastKnownFileType = sourcecode.swift; path = UdacityJSONParsers.swift; sourceTree = "<group>"; };
		E87EE96B1C5E242500E8D2A0 /* UdacityURLRequests.swift */ = {isa = PBXFileReference; fileEncoding = 4; lastKnownFileType = sourcecode.swift; path = UdacityURLRequests.swift; sourceTree = "<group>"; };
		E87EE96D1C5E251C00E8D2A0 /* ParseClientListener.swift */ = {isa = PBXFileReference; fileEncoding = 4; lastKnownFileType = sourcecode.swift; path = ParseClientListener.swift; sourceTree = "<group>"; };
		E87EE96F1C5E252F00E8D2A0 /* ParseClient.swift */ = {isa = PBXFileReference; fileEncoding = 4; lastKnownFileType = sourcecode.swift; path = ParseClient.swift; sourceTree = "<group>"; };
		E87EE9711C5E254600E8D2A0 /* ParseDataTasks.swift */ = {isa = PBXFileReference; fileEncoding = 4; lastKnownFileType = sourcecode.swift; path = ParseDataTasks.swift; sourceTree = "<group>"; };
		E87EE9731C5E255600E8D2A0 /* ParseJSONParsers.swift */ = {isa = PBXFileReference; fileEncoding = 4; lastKnownFileType = sourcecode.swift; path = ParseJSONParsers.swift; sourceTree = "<group>"; };
		E87EE9751C5E256500E8D2A0 /* ParseURLRequests.swift */ = {isa = PBXFileReference; fileEncoding = 4; lastKnownFileType = sourcecode.swift; path = ParseURLRequests.swift; sourceTree = "<group>"; };
/* End PBXFileReference section */

/* Begin PBXFrameworksBuildPhase section */
		4E2CEF531C5E1C6A00DCC437 /* Frameworks */ = {
			isa = PBXFrameworksBuildPhase;
			buildActionMask = 2147483647;
			files = (
			);
			runOnlyForDeploymentPostprocessing = 0;
		};
/* End PBXFrameworksBuildPhase section */

/* Begin PBXGroup section */
		4E2CEF4D1C5E1C6A00DCC437 = {
			isa = PBXGroup;
			children = (
				4E2CEF581C5E1C6A00DCC437 /* On The Map */,
				4E2CEF571C5E1C6A00DCC437 /* Products */,
			);
			sourceTree = "<group>";
		};
		4E2CEF571C5E1C6A00DCC437 /* Products */ = {
			isa = PBXGroup;
			children = (
				4E2CEF561C5E1C6A00DCC437 /* On The Map.app */,
			);
			name = Products;
			sourceTree = "<group>";
		};
		4E2CEF581C5E1C6A00DCC437 /* On The Map */ = {
			isa = PBXGroup;
			children = (
				4E2CEF591C5E1C6A00DCC437 /* AppDelegate.swift */,
				E87EE9361C5E1F8000E8D2A0 /* Model */,
				E87EE9371C5E1F8A00E8D2A0 /* Network stacks */,
				E87EE9381C5E1F9100E8D2A0 /* ViewControllers */,
				E87EE9391C5E1F9900E8D2A0 /* Views */,
				E87EE93A1C5E1FA100E8D2A0 /* Helpers */,
				E87EE93B1C5E1FAB00E8D2A0 /* Resources */,
				E87EE9781C5E472C00E8D2A0 /* Frameworks */,
				4E2CEF5D1C5E1C6A00DCC437 /* Main.storyboard */,
				4E2CEF601C5E1C6A00DCC437 /* Assets.xcassets */,
				4E2CEF651C5E1C6A00DCC437 /* Info.plist */,
			);
			path = "On The Map";
			sourceTree = "<group>";
		};
		E87EE9361C5E1F8000E8D2A0 /* Model */ = {
			isa = PBXGroup;
			children = (
				E87EE93F1C5E204200E8D2A0 /* Students.swift */,
				E87EE9411C5E205A00E8D2A0 /* StudentInformation.swift */,
				E87EE9431C5E206B00E8D2A0 /* StudentPublicData.swift */,
			);
			name = Model;
			sourceTree = "<group>";
		};
		E87EE9371C5E1F8A00E8D2A0 /* Network stacks */ = {
			isa = PBXGroup;
			children = (
				E87EE9571C5E22FE00E8D2A0 /* Errors.swift */,
				E87EE9591C5E230C00E8D2A0 /* ErrorStrings.swift */,
				E87EE95B1C5E231700E8D2A0 /* Notifications.swift */,
				E87EE95F1C5E233200E8D2A0 /* StatusCodesChecker.swift */,
				E87EE95D1C5E232400E8D2A0 /* Reachability.swift */,
				E87EE9551C5E22E500E8D2A0 /* Udacity */,
				E87EE9561C5E22EC00E8D2A0 /* Parse */,
			);
			name = "Network stacks";
			sourceTree = "<group>";
		};
		E87EE9381C5E1F9100E8D2A0 /* ViewControllers */ = {
			isa = PBXGroup;
			children = (
				E87EE9491C5E21ED00E8D2A0 /* LoginViewController.swift */,
				E87EE94B1C5E21FD00E8D2A0 /* MapViewController.swift */,
				E87EE94D1C5E221400E8D2A0 /* ListViewController.swift */,
				E87EE94F1C5E222500E8D2A0 /* EnterLocationViewController.swift */,
				E87EE9511C5E223800E8D2A0 /* PostViewController.swift */,
				E87EE9531C5E224900E8D2A0 /* AlertControllers.swift */,
			);
			name = ViewControllers;
			sourceTree = "<group>";
		};
		E87EE9391C5E1F9900E8D2A0 /* Views */ = {
			isa = PBXGroup;
			children = (
				E87EE9471C5E21A800E8D2A0 /* RoundBorderButton.swift */,
			);
			name = Views;
			sourceTree = "<group>";
		};
		E87EE93A1C5E1FA100E8D2A0 /* Helpers */ = {
			isa = PBXGroup;
			children = (
				E87EE9451C5E216100E8D2A0 /* Validators.swift */,
			);
			name = Helpers;
			sourceTree = "<group>";
		};
		E87EE93B1C5E1FAB00E8D2A0 /* Resources */ = {
			isa = PBXGroup;
			children = (
				E87EE93C1C5E1FDD00E8D2A0 /* Roboto-Medium.ttf */,
				E87EE93D1C5E1FDD00E8D2A0 /* Roboto-Regular.ttf */,
				E87EE93E1C5E1FDD00E8D2A0 /* Roboto-Thin.ttf */,
			);
			name = Resources;
			sourceTree = "<group>";
		};
		E87EE9551C5E22E500E8D2A0 /* Udacity */ = {
			isa = PBXGroup;
			children = (
				E87EE9611C5E23CD00E8D2A0 /* UdacitySession.swift */,
				E87EE9631C5E23DC00E8D2A0 /* UdacityClientDelegate.swift */,
				E87EE9651C5E23E900E8D2A0 /* UdacityClient.swift */,
				E87EE9671C5E240A00E8D2A0 /* UdacityDataTasks.swift */,
				E87EE9691C5E241600E8D2A0 /* UdacityJSONParsers.swift */,
				E87EE96B1C5E242500E8D2A0 /* UdacityURLRequests.swift */,
			);
			name = Udacity;
			sourceTree = "<group>";
		};
		E87EE9561C5E22EC00E8D2A0 /* Parse */ = {
			isa = PBXGroup;
			children = (
				E87EE96D1C5E251C00E8D2A0 /* ParseClientListener.swift */,
				E87EE96F1C5E252F00E8D2A0 /* ParseClient.swift */,
				E87EE9711C5E254600E8D2A0 /* ParseDataTasks.swift */,
				E87EE9731C5E255600E8D2A0 /* ParseJSONParsers.swift */,
				E87EE9751C5E256500E8D2A0 /* ParseURLRequests.swift */,
			);
			name = Parse;
			sourceTree = "<group>";
		};
		E87EE9781C5E472C00E8D2A0 /* Frameworks */ = {
			isa = PBXGroup;
			children = (
			);
			name = Frameworks;
			sourceTree = "<group>";
		};
/* End PBXGroup section */

/* Begin PBXNativeTarget section */
		4E2CEF551C5E1C6A00DCC437 /* On The Map */ = {
			isa = PBXNativeTarget;
			buildConfigurationList = 4E2CEF681C5E1C6A00DCC437 /* Build configuration list for PBXNativeTarget "On The Map" */;
			buildPhases = (
				4E2CEF521C5E1C6A00DCC437 /* Sources */,
				4E2CEF531C5E1C6A00DCC437 /* Frameworks */,
				4E2CEF541C5E1C6A00DCC437 /* Resources */,
			);
			buildRules = (
			);
			dependencies = (
			);
			name = "On The Map";
			productName = "On The Map";
			productReference = 4E2CEF561C5E1C6A00DCC437 /* On The Map.app */;
			productType = "com.apple.product-type.application";
		};
/* End PBXNativeTarget section */

/* Begin PBXProject section */
		4E2CEF4E1C5E1C6A00DCC437 /* Project object */ = {
			isa = PBXProject;
			attributes = {
				LastSwiftUpdateCheck = 0720;
				LastUpgradeCheck = 0720;
				ORGANIZATIONNAME = "Andrei Sadovnicov";
				TargetAttributes = {
					4E2CEF551C5E1C6A00DCC437 = {
						CreatedOnToolsVersion = 7.2;
						DevelopmentTeam = 6UUGGKZNP7;
					};
				};
			};
			buildConfigurationList = 4E2CEF511C5E1C6A00DCC437 /* Build configuration list for PBXProject "On The Map" */;
			compatibilityVersion = "Xcode 3.2";
			developmentRegion = English;
			hasScannedForEncodings = 0;
			knownRegions = (
				en,
				Base,
			);
			mainGroup = 4E2CEF4D1C5E1C6A00DCC437;
			productRefGroup = 4E2CEF571C5E1C6A00DCC437 /* Products */;
			projectDirPath = "";
			projectRoot = "";
			targets = (
				4E2CEF551C5E1C6A00DCC437 /* On The Map */,
			);
		};
/* End PBXProject section */

/* Begin PBXResourcesBuildPhase section */
		4E2CEF541C5E1C6A00DCC437 /* Resources */ = {
			isa = PBXResourcesBuildPhase;
			buildActionMask = 2147483647;
			files = (
				4E2CEF611C5E1C6A00DCC437 /* Assets.xcassets in Resources */,
				4E2CEF5F1C5E1C6A00DCC437 /* Main.storyboard in Resources */,
			);
			runOnlyForDeploymentPostprocessing = 0;
		};
/* End PBXResourcesBuildPhase section */

/* Begin PBXSourcesBuildPhase section */
		4E2CEF521C5E1C6A00DCC437 /* Sources */ = {
			isa = PBXSourcesBuildPhase;
			buildActionMask = 2147483647;
			files = (
				E87EE96A1C5E241600E8D2A0 /* UdacityJSONParsers.swift in Sources */,
				E87EE9661C5E23E900E8D2A0 /* UdacityClient.swift in Sources */,
				E87EE95C1C5E231700E8D2A0 /* Notifications.swift in Sources */,
				E87EE9761C5E256500E8D2A0 /* ParseURLRequests.swift in Sources */,
				E87EE9541C5E224900E8D2A0 /* AlertControllers.swift in Sources */,
				E87EE96E1C5E251C00E8D2A0 /* ParseClientListener.swift in Sources */,
				E87EE94A1C5E21ED00E8D2A0 /* LoginViewController.swift in Sources */,
				E87EE9701C5E252F00E8D2A0 /* ParseClient.swift in Sources */,
				E87EE9681C5E240A00E8D2A0 /* UdacityDataTasks.swift in Sources */,
				E87EE9721C5E254600E8D2A0 /* ParseDataTasks.swift in Sources */,
				E87EE9421C5E205A00E8D2A0 /* StudentInformation.swift in Sources */,
				4E2CEF5A1C5E1C6A00DCC437 /* AppDelegate.swift in Sources */,
				E87EE9441C5E206B00E8D2A0 /* StudentPublicData.swift in Sources */,
				E87EE9621C5E23CD00E8D2A0 /* UdacitySession.swift in Sources */,
				E87EE9461C5E216100E8D2A0 /* Validators.swift in Sources */,
				E87EE94E1C5E221400E8D2A0 /* ListViewController.swift in Sources */,
				E87EE9741C5E255600E8D2A0 /* ParseJSONParsers.swift in Sources */,
				E87EE9581C5E22FE00E8D2A0 /* Errors.swift in Sources */,
				E87EE9481C5E21A800E8D2A0 /* RoundBorderButton.swift in Sources */,
				E87EE9401C5E204200E8D2A0 /* Students.swift in Sources */,
				E87EE9501C5E222500E8D2A0 /* EnterLocationViewController.swift in Sources */,
				E87EE95A1C5E230C00E8D2A0 /* ErrorStrings.swift in Sources */,
				E87EE9601C5E233200E8D2A0 /* StatusCodesChecker.swift in Sources */,
				E87EE9641C5E23DC00E8D2A0 /* UdacityClientDelegate.swift in Sources */,
				E87EE94C1C5E21FD00E8D2A0 /* MapViewController.swift in Sources */,
				E87EE95E1C5E232400E8D2A0 /* Reachability.swift in Sources */,
				E87EE96C1C5E242500E8D2A0 /* UdacityURLRequests.swift in Sources */,
				E87EE9521C5E223800E8D2A0 /* PostViewController.swift in Sources */,
			);
			runOnlyForDeploymentPostprocessing = 0;
		};
/* End PBXSourcesBuildPhase section */

/* Begin PBXVariantGroup section */
		4E2CEF5D1C5E1C6A00DCC437 /* Main.storyboard */ = {
			isa = PBXVariantGroup;
			children = (
				4E2CEF5E1C5E1C6A00DCC437 /* Base */,
			);
			name = Main.storyboard;
			sourceTree = "<group>";
		};
/* End PBXVariantGroup section */

/* Begin XCBuildConfiguration section */
		4E2CEF661C5E1C6A00DCC437 /* Debug */ = {
			isa = XCBuildConfiguration;
			buildSettings = {
				ALWAYS_SEARCH_USER_PATHS = NO;
				CLANG_CXX_LANGUAGE_STANDARD = "gnu++0x";
				CLANG_CXX_LIBRARY = "libc++";
				CLANG_ENABLE_MODULES = YES;
				CLANG_ENABLE_OBJC_ARC = YES;
				CLANG_WARN_BOOL_CONVERSION = YES;
				CLANG_WARN_CONSTANT_CONVERSION = YES;
				CLANG_WARN_DIRECT_OBJC_ISA_USAGE = YES_ERROR;
				CLANG_WARN_EMPTY_BODY = YES;
				CLANG_WARN_ENUM_CONVERSION = YES;
				CLANG_WARN_INT_CONVERSION = YES;
				CLANG_WARN_OBJC_ROOT_CLASS = YES_ERROR;
				CLANG_WARN_UNREACHABLE_CODE = YES;
				CLANG_WARN__DUPLICATE_METHOD_MATCH = YES;
				"CODE_SIGN_IDENTITY[sdk=iphoneos*]" = "iPhone Developer";
				COPY_PHASE_STRIP = NO;
				DEBUG_INFORMATION_FORMAT = dwarf;
				ENABLE_STRICT_OBJC_MSGSEND = YES;
				ENABLE_TESTABILITY = YES;
				GCC_C_LANGUAGE_STANDARD = gnu99;
				GCC_DYNAMIC_NO_PIC = NO;
				GCC_NO_COMMON_BLOCKS = YES;
				GCC_OPTIMIZATION_LEVEL = 0;
				GCC_PREPROCESSOR_DEFINITIONS = (
					"DEBUG=1",
					"$(inherited)",
				);
				GCC_WARN_64_TO_32_BIT_CONVERSION = YES;
				GCC_WARN_ABOUT_RETURN_TYPE = YES_ERROR;
				GCC_WARN_UNDECLARED_SELECTOR = YES;
				GCC_WARN_UNINITIALIZED_AUTOS = YES_AGGRESSIVE;
				GCC_WARN_UNUSED_FUNCTION = YES;
				GCC_WARN_UNUSED_VARIABLE = YES;
				IPHONEOS_DEPLOYMENT_TARGET = 9.2;
				MTL_ENABLE_DEBUG_INFO = YES;
				ONLY_ACTIVE_ARCH = YES;
				SDKROOT = iphoneos;
				SWIFT_OPTIMIZATION_LEVEL = "-Onone";
				TARGETED_DEVICE_FAMILY = "1,2";
			};
			name = Debug;
		};
		4E2CEF671C5E1C6A00DCC437 /* Release */ = {
			isa = XCBuildConfiguration;
			buildSettings = {
				ALWAYS_SEARCH_USER_PATHS = NO;
				CLANG_CXX_LANGUAGE_STANDARD = "gnu++0x";
				CLANG_CXX_LIBRARY = "libc++";
				CLANG_ENABLE_MODULES = YES;
				CLANG_ENABLE_OBJC_ARC = YES;
				CLANG_WARN_BOOL_CONVERSION = YES;
				CLANG_WARN_CONSTANT_CONVERSION = YES;
				CLANG_WARN_DIRECT_OBJC_ISA_USAGE = YES_ERROR;
				CLANG_WARN_EMPTY_BODY = YES;
				CLANG_WARN_ENUM_CONVERSION = YES;
				CLANG_WARN_INT_CONVERSION = YES;
				CLANG_WARN_OBJC_ROOT_CLASS = YES_ERROR;
				CLANG_WARN_UNREACHABLE_CODE = YES;
				CLANG_WARN__DUPLICATE_METHOD_MATCH = YES;
				"CODE_SIGN_IDENTITY[sdk=iphoneos*]" = "iPhone Developer";
				COPY_PHASE_STRIP = NO;
				DEBUG_INFORMATION_FORMAT = "dwarf-with-dsym";
				ENABLE_NS_ASSERTIONS = NO;
				ENABLE_STRICT_OBJC_MSGSEND = YES;
				GCC_C_LANGUAGE_STANDARD = gnu99;
				GCC_NO_COMMON_BLOCKS = YES;
				GCC_WARN_64_TO_32_BIT_CONVERSION = YES;
				GCC_WARN_ABOUT_RETURN_TYPE = YES_ERROR;
				GCC_WARN_UNDECLARED_SELECTOR = YES;
				GCC_WARN_UNINITIALIZED_AUTOS = YES_AGGRESSIVE;
				GCC_WARN_UNUSED_FUNCTION = YES;
				GCC_WARN_UNUSED_VARIABLE = YES;
				IPHONEOS_DEPLOYMENT_TARGET = 9.2;
				MTL_ENABLE_DEBUG_INFO = NO;
				SDKROOT = iphoneos;
				TARGETED_DEVICE_FAMILY = "1,2";
				VALIDATE_PRODUCT = YES;
			};
			name = Release;
		};
		4E2CEF691C5E1C6A00DCC437 /* Debug */ = {
			isa = XCBuildConfiguration;
			buildSettings = {
				ASSETCATALOG_COMPILER_APPICON_NAME = AppIcon;
				ASSETCATALOG_COMPILER_LAUNCHIMAGE_NAME = LaunchImage;
				FRAMEWORK_SEARCH_PATHS = (
					"$(inherited)",
					"$(PROJECT_DIR)/On",
					The,
					Map,
				);
				INFOPLIST_FILE = "On The Map/Info.plist";
				LD_RUNPATH_SEARCH_PATHS = "$(inherited) @executable_path/Frameworks";
				PRODUCT_BUNDLE_IDENTIFIER = "SEFdevelopment.On-The-Map";
				PRODUCT_NAME = "$(TARGET_NAME)";
			};
			name = Debug;
		};
		4E2CEF6A1C5E1C6A00DCC437 /* Release */ = {
			isa = XCBuildConfiguration;
			buildSettings = {
				ASSETCATALOG_COMPILER_APPICON_NAME = AppIcon;
				ASSETCATALOG_COMPILER_LAUNCHIMAGE_NAME = LaunchImage;
				FRAMEWORK_SEARCH_PATHS = (
					"$(inherited)",
					"$(PROJECT_DIR)/On",
					The,
					Map,
				);
				INFOPLIST_FILE = "On The Map/Info.plist";
				LD_RUNPATH_SEARCH_PATHS = "$(inherited) @executable_path/Frameworks";
				PRODUCT_BUNDLE_IDENTIFIER = "SEFdevelopment.On-The-Map";
				PRODUCT_NAME = "$(TARGET_NAME)";
			};
			name = Release;
		};
/* End XCBuildConfiguration section */

/* Begin XCConfigurationList section */
		4E2CEF511C5E1C6A00DCC437 /* Build configuration list for PBXProject "On The Map" */ = {
			isa = XCConfigurationList;
			buildConfigurations = (
				4E2CEF661C5E1C6A00DCC437 /* Debug */,
				4E2CEF671C5E1C6A00DCC437 /* Release */,
			);
			defaultConfigurationIsVisible = 0;
			defaultConfigurationName = Release;
		};
		4E2CEF681C5E1C6A00DCC437 /* Build configuration list for PBXNativeTarget "On The Map" */ = {
			isa = XCConfigurationList;
			buildConfigurations = (
				4E2CEF691C5E1C6A00DCC437 /* Debug */,
				4E2CEF6A1C5E1C6A00DCC437 /* Release */,
			);
			defaultConfigurationIsVisible = 0;
			defaultConfigurationName = Release;
		};
/* End XCConfigurationList section */
	};
	rootObject = 4E2CEF4E1C5E1C6A00DCC437 /* Project object */;
}
